{
  "object": {
    "pins": [
      {
        "package": "Alamofire",
        "repositoryURL": "git@github.com:Alamofire/Alamofire.git",
        "state": {
          "branch": null,
          "revision": "2cbf59935fbb1f26e352ce4db53f1cf9408d5313",
          "version": "5.0.0-rc.3"
        }
      },
      {
        "package": "Kanna",
        "repositoryURL": "git@github.com:tid-kijyun/Kanna.git",
        "state": {
          "branch": null,
          "revision": "9b8f73f8c8e145dc496565bbf878a709793e7ba3",
          "version": "5.0.0"
        }
      },
      {
        "package": "RxSwift",
        "repositoryURL": "git@github.com:ReactiveX/RxSwift.git",
        "state": {
          "branch": null,
          "revision": "b3e888b4972d9bc76495dd74d30a8c7fad4b9395",
          "version": "5.0.1"
        }
      }
    ]
  },
  "version": 1
}
